// !$*UTF8*$!
{
	archiveVersion = 1;
	classes = {
	};
	objectVersion = 46;
	objects = {

/* Begin PBXBuildFile section */
		08F23EC08562767268A03731 /* Pods_Wheres.framework in Frameworks */ = {isa = PBXBuildFile; fileRef = FED5830DDAB48CCE414F781E /* Pods_Wheres.framework */; };
		5094A6B81DF1E5D7007E2875 /* User.swift in Sources */ = {isa = PBXBuildFile; fileRef = 5094A6B71DF1E5D7007E2875 /* User.swift */; };
		5094A6BC1DF1FE1B007E2875 /* UserAnnotation.swift in Sources */ = {isa = PBXBuildFile; fileRef = 5094A6BB1DF1FE1B007E2875 /* UserAnnotation.swift */; };
		50B734451DEF27FE00AA77CB /* AppDelegate.swift in Sources */ = {isa = PBXBuildFile; fileRef = 50B734441DEF27FE00AA77CB /* AppDelegate.swift */; };
		50B734471DEF27FE00AA77CB /* MainViewController.swift in Sources */ = {isa = PBXBuildFile; fileRef = 50B734461DEF27FE00AA77CB /* MainViewController.swift */; };
		50B7344A1DEF280000AA77CB /* Main.storyboard in Resources */ = {isa = PBXBuildFile; fileRef = 50B734481DEF280000AA77CB /* Main.storyboard */; };
		50B7344C1DEF280000AA77CB /* Assets.xcassets in Resources */ = {isa = PBXBuildFile; fileRef = 50B7344B1DEF280000AA77CB /* Assets.xcassets */; };
		50B7344F1DEF280000AA77CB /* LaunchScreen.storyboard in Resources */ = {isa = PBXBuildFile; fileRef = 50B7344D1DEF280000AA77CB /* LaunchScreen.storyboard */; };
		50B734571DEF287400AA77CB /* GoogleService-Info.plist in Resources */ = {isa = PBXBuildFile; fileRef = 50B734561DEF287400AA77CB /* GoogleService-Info.plist */; };
		50B7345B1DEF43DB00AA77CB /* SignInViewController.swift in Sources */ = {isa = PBXBuildFile; fileRef = 50B7345A1DEF43DB00AA77CB /* SignInViewController.swift */; };
		50B7345E1DEF46B900AA77CB /* MapViewController.swift in Sources */ = {isa = PBXBuildFile; fileRef = 50B7345D1DEF46B900AA77CB /* MapViewController.swift */; };
		50B734601DEF501400AA77CB /* SignUpViewController.swift in Sources */ = {isa = PBXBuildFile; fileRef = 50B7345F1DEF501400AA77CB /* SignUpViewController.swift */; };
		50B734621DEF579F00AA77CB /* ProfileViewController.swift in Sources */ = {isa = PBXBuildFile; fileRef = 50B734611DEF579F00AA77CB /* ProfileViewController.swift */; };
		50B734661DEF598400AA77CB /* AuthViewModel.swift in Sources */ = {isa = PBXBuildFile; fileRef = 50B734651DEF598400AA77CB /* AuthViewModel.swift */; };
		50B734681DEF5E5A00AA77CB /* Wheres.swift in Sources */ = {isa = PBXBuildFile; fileRef = 50B734671DEF5E5A00AA77CB /* Wheres.swift */; };
		50B7346A1DEF606700AA77CB /* Account.swift in Sources */ = {isa = PBXBuildFile; fileRef = 50B734691DEF606700AA77CB /* Account.swift */; };
		50B7346C1DEF6A4500AA77CB /* MainViewModel.swift in Sources */ = {isa = PBXBuildFile; fileRef = 50B7346B1DEF6A4500AA77CB /* MainViewModel.swift */; };
		50B7346E1DEF6ADA00AA77CB /* MapViewModel.swift in Sources */ = {isa = PBXBuildFile; fileRef = 50B7346D1DEF6ADA00AA77CB /* MapViewModel.swift */; };
		50B734711DF0663600AA77CB /* UIImageRoutines.swift in Sources */ = {isa = PBXBuildFile; fileRef = 50B734701DF0663600AA77CB /* UIImageRoutines.swift */; };
		50B734751DF0C67800AA77CB /* FriendViewCell.swift in Sources */ = {isa = PBXBuildFile; fileRef = 50B734741DF0C67800AA77CB /* FriendViewCell.swift */; };
		50D6E1421DF2C2FB0004C062 /* AccountService.swift in Sources */ = {isa = PBXBuildFile; fileRef = 50D6E1411DF2C2FB0004C062 /* AccountService.swift */; };
		50D6E1441DF2D5380004C062 /* FriendAnnotationView.swift in Sources */ = {isa = PBXBuildFile; fileRef = 50D6E1431DF2D5380004C062 /* FriendAnnotationView.swift */; };
		50D6E14A1DF32D6B0004C062 /* InitialViewController.swift in Sources */ = {isa = PBXBuildFile; fileRef = 50D6E1491DF32D6B0004C062 /* InitialViewController.swift */; };
/* End PBXBuildFile section */

/* Begin PBXFileReference section */
		341F0BBD4EF97A09C0C43E23 /* Pods-Wheres.release.xcconfig */ = {isa = PBXFileReference; includeInIndex = 1; lastKnownFileType = text.xcconfig; name = "Pods-Wheres.release.xcconfig"; path = "Pods/Target Support Files/Pods-Wheres/Pods-Wheres.release.xcconfig"; sourceTree = "<group>"; };
		5094A6B71DF1E5D7007E2875 /* User.swift */ = {isa = PBXFileReference; fileEncoding = 4; lastKnownFileType = sourcecode.swift; path = User.swift; sourceTree = "<group>"; };
		5094A6BB1DF1FE1B007E2875 /* UserAnnotation.swift */ = {isa = PBXFileReference; fileEncoding = 4; lastKnownFileType = sourcecode.swift; path = UserAnnotation.swift; sourceTree = "<group>"; };
		50B734411DEF27FD00AA77CB /* Wheres.app */ = {isa = PBXFileReference; explicitFileType = wrapper.application; includeInIndex = 0; path = Wheres.app; sourceTree = BUILT_PRODUCTS_DIR; };
		50B734441DEF27FE00AA77CB /* AppDelegate.swift */ = {isa = PBXFileReference; lastKnownFileType = sourcecode.swift; path = AppDelegate.swift; sourceTree = "<group>"; };
		50B734461DEF27FE00AA77CB /* MainViewController.swift */ = {isa = PBXFileReference; lastKnownFileType = sourcecode.swift; path = MainViewController.swift; sourceTree = "<group>"; };
		50B734491DEF280000AA77CB /* Base */ = {isa = PBXFileReference; lastKnownFileType = file.storyboard; name = Base; path = Base.lproj/Main.storyboard; sourceTree = "<group>"; };
		50B7344B1DEF280000AA77CB /* Assets.xcassets */ = {isa = PBXFileReference; lastKnownFileType = folder.assetcatalog; path = Assets.xcassets; sourceTree = "<group>"; };
		50B7344E1DEF280000AA77CB /* Base */ = {isa = PBXFileReference; lastKnownFileType = file.storyboard; name = Base; path = Base.lproj/LaunchScreen.storyboard; sourceTree = "<group>"; };
		50B734501DEF280100AA77CB /* Info.plist */ = {isa = PBXFileReference; lastKnownFileType = text.plist.xml; path = Info.plist; sourceTree = "<group>"; };
		50B734561DEF287400AA77CB /* GoogleService-Info.plist */ = {isa = PBXFileReference; fileEncoding = 4; lastKnownFileType = text.plist.xml; path = "GoogleService-Info.plist"; sourceTree = "<group>"; };
		50B734581DEF42A400AA77CB /* Wheres.entitlements */ = {isa = PBXFileReference; lastKnownFileType = text.plist.entitlements; path = Wheres.entitlements; sourceTree = "<group>"; };
		50B7345A1DEF43DB00AA77CB /* SignInViewController.swift */ = {isa = PBXFileReference; fileEncoding = 4; lastKnownFileType = sourcecode.swift; path = SignInViewController.swift; sourceTree = "<group>"; };
		50B7345D1DEF46B900AA77CB /* MapViewController.swift */ = {isa = PBXFileReference; fileEncoding = 4; lastKnownFileType = sourcecode.swift; path = MapViewController.swift; sourceTree = "<group>"; };
		50B7345F1DEF501400AA77CB /* SignUpViewController.swift */ = {isa = PBXFileReference; fileEncoding = 4; lastKnownFileType = sourcecode.swift; path = SignUpViewController.swift; sourceTree = "<group>"; };
		50B734611DEF579F00AA77CB /* ProfileViewController.swift */ = {isa = PBXFileReference; fileEncoding = 4; lastKnownFileType = sourcecode.swift; path = ProfileViewController.swift; sourceTree = "<group>"; };
		50B734651DEF598400AA77CB /* AuthViewModel.swift */ = {isa = PBXFileReference; fileEncoding = 4; lastKnownFileType = sourcecode.swift; path = AuthViewModel.swift; sourceTree = "<group>"; };
		50B734671DEF5E5A00AA77CB /* Wheres.swift */ = {isa = PBXFileReference; fileEncoding = 4; lastKnownFileType = sourcecode.swift; path = Wheres.swift; sourceTree = "<group>"; };
		50B734691DEF606700AA77CB /* Account.swift */ = {isa = PBXFileReference; fileEncoding = 4; lastKnownFileType = sourcecode.swift; path = Account.swift; sourceTree = "<group>"; };
		50B7346B1DEF6A4500AA77CB /* MainViewModel.swift */ = {isa = PBXFileReference; fileEncoding = 4; lastKnownFileType = sourcecode.swift; path = MainViewModel.swift; sourceTree = "<group>"; };
		50B7346D1DEF6ADA00AA77CB /* MapViewModel.swift */ = {isa = PBXFileReference; fileEncoding = 4; lastKnownFileType = sourcecode.swift; path = MapViewModel.swift; sourceTree = "<group>"; };
		50B734701DF0663600AA77CB /* UIImageRoutines.swift */ = {isa = PBXFileReference; fileEncoding = 4; lastKnownFileType = sourcecode.swift; path = UIImageRoutines.swift; sourceTree = "<group>"; };
		50B734721DF099D800AA77CB /* Wheres-Bridging-Header.h */ = {isa = PBXFileReference; lastKnownFileType = sourcecode.c.h; path = "Wheres-Bridging-Header.h"; sourceTree = "<group>"; };
		50B734741DF0C67800AA77CB /* FriendViewCell.swift */ = {isa = PBXFileReference; fileEncoding = 4; lastKnownFileType = sourcecode.swift; path = FriendViewCell.swift; sourceTree = "<group>"; };
		50D6E1411DF2C2FB0004C062 /* AccountService.swift */ = {isa = PBXFileReference; fileEncoding = 4; lastKnownFileType = sourcecode.swift; path = AccountService.swift; sourceTree = "<group>"; };
		50D6E1431DF2D5380004C062 /* FriendAnnotationView.swift */ = {isa = PBXFileReference; fileEncoding = 4; lastKnownFileType = sourcecode.swift; path = FriendAnnotationView.swift; sourceTree = "<group>"; };
		50D6E1491DF32D6B0004C062 /* InitialViewController.swift */ = {isa = PBXFileReference; fileEncoding = 4; lastKnownFileType = sourcecode.swift; path = InitialViewController.swift; sourceTree = "<group>"; };
		CB43BC911AE36DE642BDFFE1 /* Pods-Wheres.debug.xcconfig */ = {isa = PBXFileReference; includeInIndex = 1; lastKnownFileType = text.xcconfig; name = "Pods-Wheres.debug.xcconfig"; path = "Pods/Target Support Files/Pods-Wheres/Pods-Wheres.debug.xcconfig"; sourceTree = "<group>"; };
		FED5830DDAB48CCE414F781E /* Pods_Wheres.framework */ = {isa = PBXFileReference; explicitFileType = wrapper.framework; includeInIndex = 0; path = Pods_Wheres.framework; sourceTree = BUILT_PRODUCTS_DIR; };
/* End PBXFileReference section */

/* Begin PBXFrameworksBuildPhase section */
		50B7343E1DEF27FD00AA77CB /* Frameworks */ = {
			isa = PBXFrameworksBuildPhase;
			buildActionMask = 2147483647;
			files = (
				08F23EC08562767268A03731 /* Pods_Wheres.framework in Frameworks */,
			);
			runOnlyForDeploymentPostprocessing = 0;
		};
/* End PBXFrameworksBuildPhase section */

/* Begin PBXGroup section */
		447CACD07E654219CF921E53 /* Pods */ = {
			isa = PBXGroup;
			children = (
				CB43BC911AE36DE642BDFFE1 /* Pods-Wheres.debug.xcconfig */,
				341F0BBD4EF97A09C0C43E23 /* Pods-Wheres.release.xcconfig */,
			);
			name = Pods;
			sourceTree = "<group>";
		};
		50B734381DEF27FD00AA77CB = {
			isa = PBXGroup;
			children = (
				50B734431DEF27FD00AA77CB /* Wheres */,
				50B734421DEF27FD00AA77CB /* Products */,
				447CACD07E654219CF921E53 /* Pods */,
				E61535793EBC0E6AE67A29AD /* Frameworks */,
			);
			sourceTree = "<group>";
		};
		50B734421DEF27FD00AA77CB /* Products */ = {
			isa = PBXGroup;
			children = (
				50B734411DEF27FD00AA77CB /* Wheres.app */,
			);
			name = Products;
			sourceTree = "<group>";
		};
		50B734431DEF27FD00AA77CB /* Wheres */ = {
			isa = PBXGroup;
			children = (
				50D6E1481DF2E3B20004C062 /* Extensions */,
				50D6E1401DF2C2E80004C062 /* Services */,
				50B7346F1DF062FC00AA77CB /* Helpers */,
				50B734641DEF593E00AA77CB /* Models */,
				50B734631DEF592F00AA77CB /* ViewModels */,
				50B734591DEF437E00AA77CB /* ViewControllers */,
				50B734731DF0C64600AA77CB /* Views */,
				50B734581DEF42A400AA77CB /* Wheres.entitlements */,
				50B734441DEF27FE00AA77CB /* AppDelegate.swift */,
				50B734461DEF27FE00AA77CB /* MainViewController.swift */,
				50B734481DEF280000AA77CB /* Main.storyboard */,
				50B7344B1DEF280000AA77CB /* Assets.xcassets */,
				50B7344D1DEF280000AA77CB /* LaunchScreen.storyboard */,
				50B734501DEF280100AA77CB /* Info.plist */,
				50B734561DEF287400AA77CB /* GoogleService-Info.plist */,
				50B734721DF099D800AA77CB /* Wheres-Bridging-Header.h */,
			);
			path = Wheres;
			sourceTree = "<group>";
		};
		50B734591DEF437E00AA77CB /* ViewControllers */ = {
			isa = PBXGroup;
			children = (
				50B7345A1DEF43DB00AA77CB /* SignInViewController.swift */,
				50B7345D1DEF46B900AA77CB /* MapViewController.swift */,
				50B7345F1DEF501400AA77CB /* SignUpViewController.swift */,
				50B734611DEF579F00AA77CB /* ProfileViewController.swift */,
				50D6E1491DF32D6B0004C062 /* InitialViewController.swift */,
			);
			name = ViewControllers;
			sourceTree = "<group>";
		};
		50B734631DEF592F00AA77CB /* ViewModels */ = {
			isa = PBXGroup;
			children = (
				50B734651DEF598400AA77CB /* AuthViewModel.swift */,
				50B7346B1DEF6A4500AA77CB /* MainViewModel.swift */,
				50B7346D1DEF6ADA00AA77CB /* MapViewModel.swift */,
			);
			name = ViewModels;
			sourceTree = "<group>";
		};
		50B734641DEF593E00AA77CB /* Models */ = {
			isa = PBXGroup;
			children = (
				50B734671DEF5E5A00AA77CB /* Wheres.swift */,
				50B734691DEF606700AA77CB /* Account.swift */,
				5094A6B71DF1E5D7007E2875 /* User.swift */,
				5094A6BB1DF1FE1B007E2875 /* UserAnnotation.swift */,
			);
			name = Models;
			sourceTree = "<group>";
		};
		50B7346F1DF062FC00AA77CB /* Helpers */ = {
			isa = PBXGroup;
			children = (
				50B734701DF0663600AA77CB /* UIImageRoutines.swift */,
			);
			name = Helpers;
			sourceTree = "<group>";
		};
		50B734731DF0C64600AA77CB /* Views */ = {
			isa = PBXGroup;
			children = (
				50B734741DF0C67800AA77CB /* FriendViewCell.swift */,
				50D6E1431DF2D5380004C062 /* FriendAnnotationView.swift */,
			);
			name = Views;
			sourceTree = "<group>";
		};
		50D6E1401DF2C2E80004C062 /* Services */ = {
			isa = PBXGroup;
			children = (
				50D6E1411DF2C2FB0004C062 /* AccountService.swift */,
			);
			name = Services;
			sourceTree = "<group>";
		};
		50D6E1481DF2E3B20004C062 /* Extensions */ = {
			isa = PBXGroup;
			children = (
			);
			name = Extensions;
			sourceTree = "<group>";
		};
		E61535793EBC0E6AE67A29AD /* Frameworks */ = {
			isa = PBXGroup;
			children = (
				FED5830DDAB48CCE414F781E /* Pods_Wheres.framework */,
			);
			name = Frameworks;
			sourceTree = "<group>";
		};
/* End PBXGroup section */

/* Begin PBXNativeTarget section */
		50B734401DEF27FD00AA77CB /* Wheres */ = {
			isa = PBXNativeTarget;
			buildConfigurationList = 50B734531DEF280100AA77CB /* Build configuration list for PBXNativeTarget "Wheres" */;
			buildPhases = (
				27A5EF9E050685E4A8788FB0 /* [CP] Check Pods Manifest.lock */,
				50B7343D1DEF27FD00AA77CB /* Sources */,
				50B7343E1DEF27FD00AA77CB /* Frameworks */,
				50B7343F1DEF27FD00AA77CB /* Resources */,
				52893454CD5E39299AF9B815 /* [CP] Embed Pods Frameworks */,
				562A5D7685CD4B15BE67583B /* [CP] Copy Pods Resources */,
			);
			buildRules = (
			);
			dependencies = (
			);
			name = Wheres;
			productName = Wheres;
			productReference = 50B734411DEF27FD00AA77CB /* Wheres.app */;
			productType = "com.apple.product-type.application";
		};
/* End PBXNativeTarget section */

/* Begin PBXProject section */
		50B734391DEF27FD00AA77CB /* Project object */ = {
			isa = PBXProject;
			attributes = {
				LastSwiftUpdateCheck = 0810;
				LastUpgradeCheck = 0810;
				ORGANIZATIONNAME = "Max Rozdobudko";
				TargetAttributes = {
					50B734401DEF27FD00AA77CB = {
						CreatedOnToolsVersion = 8.1;
						DevelopmentTeam = GL9F4DL9W9;
						ProvisioningStyle = Automatic;
						SystemCapabilities = {
							com.apple.BackgroundModes = {
								enabled = 1;
							};
							com.apple.Keychain = {
								enabled = 1;
							};
						};
					};
				};
			};
			buildConfigurationList = 50B7343C1DEF27FD00AA77CB /* Build configuration list for PBXProject "Wheres" */;
			compatibilityVersion = "Xcode 3.2";
			developmentRegion = English;
			hasScannedForEncodings = 0;
			knownRegions = (
				en,
				Base,
			);
			mainGroup = 50B734381DEF27FD00AA77CB;
			productRefGroup = 50B734421DEF27FD00AA77CB /* Products */;
			projectDirPath = "";
			projectRoot = "";
			targets = (
				50B734401DEF27FD00AA77CB /* Wheres */,
			);
		};
/* End PBXProject section */

/* Begin PBXResourcesBuildPhase section */
		50B7343F1DEF27FD00AA77CB /* Resources */ = {
			isa = PBXResourcesBuildPhase;
			buildActionMask = 2147483647;
			files = (
				50B7344F1DEF280000AA77CB /* LaunchScreen.storyboard in Resources */,
				50B734571DEF287400AA77CB /* GoogleService-Info.plist in Resources */,
				50B7344C1DEF280000AA77CB /* Assets.xcassets in Resources */,
				50B7344A1DEF280000AA77CB /* Main.storyboard in Resources */,
			);
			runOnlyForDeploymentPostprocessing = 0;
		};
/* End PBXResourcesBuildPhase section */

/* Begin PBXShellScriptBuildPhase section */
		27A5EF9E050685E4A8788FB0 /* [CP] Check Pods Manifest.lock */ = {
			isa = PBXShellScriptBuildPhase;
			buildActionMask = 2147483647;
			files = (
			);
			inputPaths = (
			);
			name = "[CP] Check Pods Manifest.lock";
			outputPaths = (
			);
			runOnlyForDeploymentPostprocessing = 0;
			shellPath = /bin/sh;
			shellScript = "diff \"${PODS_ROOT}/../Podfile.lock\" \"${PODS_ROOT}/Manifest.lock\" > /dev/null\nif [ $? != 0 ] ; then\n    # print error to STDERR\n    echo \"error: The sandbox is not in sync with the Podfile.lock. Run 'pod install' or update your CocoaPods installation.\" >&2\n    exit 1\nfi\n";
			showEnvVarsInLog = 0;
		};
		52893454CD5E39299AF9B815 /* [CP] Embed Pods Frameworks */ = {
			isa = PBXShellScriptBuildPhase;
			buildActionMask = 2147483647;
			files = (
			);
			inputPaths = (
			);
			name = "[CP] Embed Pods Frameworks";
			outputPaths = (
			);
			runOnlyForDeploymentPostprocessing = 0;
			shellPath = /bin/sh;
			shellScript = "\"${SRCROOT}/Pods/Target Support Files/Pods-Wheres/Pods-Wheres-frameworks.sh\"\n";
			showEnvVarsInLog = 0;
		};
		562A5D7685CD4B15BE67583B /* [CP] Copy Pods Resources */ = {
			isa = PBXShellScriptBuildPhase;
			buildActionMask = 2147483647;
			files = (
			);
			inputPaths = (
			);
			name = "[CP] Copy Pods Resources";
			outputPaths = (
			);
			runOnlyForDeploymentPostprocessing = 0;
			shellPath = /bin/sh;
			shellScript = "\"${SRCROOT}/Pods/Target Support Files/Pods-Wheres/Pods-Wheres-resources.sh\"\n";
			showEnvVarsInLog = 0;
		};
/* End PBXShellScriptBuildPhase section */

/* Begin PBXSourcesBuildPhase section */
		50B7343D1DEF27FD00AA77CB /* Sources */ = {
			isa = PBXSourcesBuildPhase;
			buildActionMask = 2147483647;
			files = (
				50B734621DEF579F00AA77CB /* ProfileViewController.swift in Sources */,
				50B734471DEF27FE00AA77CB /* MainViewController.swift in Sources */,
				50D6E1441DF2D5380004C062 /* FriendAnnotationView.swift in Sources */,
				50D6E14A1DF32D6B0004C062 /* InitialViewController.swift in Sources */,
				50B734711DF0663600AA77CB /* UIImageRoutines.swift in Sources */,
				50B734451DEF27FE00AA77CB /* AppDelegate.swift in Sources */,
				50B734661DEF598400AA77CB /* AuthViewModel.swift in Sources */,
				50B7345B1DEF43DB00AA77CB /* SignInViewController.swift in Sources */,
				5094A6B81DF1E5D7007E2875 /* User.swift in Sources */,
				50B7346C1DEF6A4500AA77CB /* MainViewModel.swift in Sources */,
				50B7346E1DEF6ADA00AA77CB /* MapViewModel.swift in Sources */,
				50B7346A1DEF606700AA77CB /* Account.swift in Sources */,
				50B734681DEF5E5A00AA77CB /* Wheres.swift in Sources */,
				50B7345E1DEF46B900AA77CB /* MapViewController.swift in Sources */,
				5094A6BC1DF1FE1B007E2875 /* UserAnnotation.swift in Sources */,
				50D6E1421DF2C2FB0004C062 /* AccountService.swift in Sources */,
				50B734601DEF501400AA77CB /* SignUpViewController.swift in Sources */,
				50B734751DF0C67800AA77CB /* FriendViewCell.swift in Sources */,
			);
			runOnlyForDeploymentPostprocessing = 0;
		};
/* End PBXSourcesBuildPhase section */

/* Begin PBXVariantGroup section */
		50B734481DEF280000AA77CB /* Main.storyboard */ = {
			isa = PBXVariantGroup;
			children = (
				50B734491DEF280000AA77CB /* Base */,
			);
			name = Main.storyboard;
			sourceTree = "<group>";
		};
		50B7344D1DEF280000AA77CB /* LaunchScreen.storyboard */ = {
			isa = PBXVariantGroup;
			children = (
				50B7344E1DEF280000AA77CB /* Base */,
			);
			name = LaunchScreen.storyboard;
			sourceTree = "<group>";
		};
/* End PBXVariantGroup section */

/* Begin XCBuildConfiguration section */
		50B734511DEF280100AA77CB /* Debug */ = {
			isa = XCBuildConfiguration;
			buildSettings = {
				ALWAYS_SEARCH_USER_PATHS = NO;
				CLANG_ANALYZER_NONNULL = YES;
				CLANG_CXX_LANGUAGE_STANDARD = "gnu++0x";
				CLANG_CXX_LIBRARY = "libc++";
				CLANG_ENABLE_MODULES = YES;
				CLANG_ENABLE_OBJC_ARC = YES;
				CLANG_WARN_BOOL_CONVERSION = YES;
				CLANG_WARN_CONSTANT_CONVERSION = YES;
				CLANG_WARN_DIRECT_OBJC_ISA_USAGE = YES_ERROR;
				CLANG_WARN_DOCUMENTATION_COMMENTS = YES;
				CLANG_WARN_EMPTY_BODY = YES;
				CLANG_WARN_ENUM_CONVERSION = YES;
				CLANG_WARN_INFINITE_RECURSION = YES;
				CLANG_WARN_INT_CONVERSION = YES;
				CLANG_WARN_OBJC_ROOT_CLASS = YES_ERROR;
				CLANG_WARN_SUSPICIOUS_MOVE = YES;
				CLANG_WARN_SUSPICIOUS_MOVES = YES;
				CLANG_WARN_UNREACHABLE_CODE = YES;
				CLANG_WARN__DUPLICATE_METHOD_MATCH = YES;
				"CODE_SIGN_IDENTITY[sdk=iphoneos*]" = "iPhone Developer";
				COPY_PHASE_STRIP = NO;
				DEBUG_INFORMATION_FORMAT = dwarf;
				ENABLE_STRICT_OBJC_MSGSEND = YES;
				ENABLE_TESTABILITY = YES;
				GCC_C_LANGUAGE_STANDARD = gnu99;
				GCC_DYNAMIC_NO_PIC = NO;
				GCC_NO_COMMON_BLOCKS = YES;
				GCC_OPTIMIZATION_LEVEL = 0;
				GCC_PREPROCESSOR_DEFINITIONS = (
					"DEBUG=1",
					"$(inherited)",
				);
				GCC_WARN_64_TO_32_BIT_CONVERSION = YES;
				GCC_WARN_ABOUT_RETURN_TYPE = YES_ERROR;
				GCC_WARN_UNDECLARED_SELECTOR = YES;
				GCC_WARN_UNINITIALIZED_AUTOS = YES_AGGRESSIVE;
				GCC_WARN_UNUSED_FUNCTION = YES;
				GCC_WARN_UNUSED_VARIABLE = YES;
				IPHONEOS_DEPLOYMENT_TARGET = 10.1;
				MTL_ENABLE_DEBUG_INFO = YES;
				ONLY_ACTIVE_ARCH = YES;
				SDKROOT = iphoneos;
				SWIFT_ACTIVE_COMPILATION_CONDITIONS = DEBUG;
				SWIFT_OPTIMIZATION_LEVEL = "-Onone";
				TARGETED_DEVICE_FAMILY = "1,2";
			};
			name = Debug;
		};
		50B734521DEF280100AA77CB /* Release */ = {
			isa = XCBuildConfiguration;
			buildSettings = {
				ALWAYS_SEARCH_USER_PATHS = NO;
				CLANG_ANALYZER_NONNULL = YES;
				CLANG_CXX_LANGUAGE_STANDARD = "gnu++0x";
				CLANG_CXX_LIBRARY = "libc++";
				CLANG_ENABLE_MODULES = YES;
				CLANG_ENABLE_OBJC_ARC = YES;
				CLANG_WARN_BOOL_CONVERSION = YES;
				CLANG_WARN_CONSTANT_CONVERSION = YES;
				CLANG_WARN_DIRECT_OBJC_ISA_USAGE = YES_ERROR;
				CLANG_WARN_DOCUMENTATION_COMMENTS = YES;
				CLANG_WARN_EMPTY_BODY = YES;
				CLANG_WARN_ENUM_CONVERSION = YES;
				CLANG_WARN_INFINITE_RECURSION = YES;
				CLANG_WARN_INT_CONVERSION = YES;
				CLANG_WARN_OBJC_ROOT_CLASS = YES_ERROR;
				CLANG_WARN_SUSPICIOUS_MOVE = YES;
				CLANG_WARN_SUSPICIOUS_MOVES = YES;
				CLANG_WARN_UNREACHABLE_CODE = YES;
				CLANG_WARN__DUPLICATE_METHOD_MATCH = YES;
				"CODE_SIGN_IDENTITY[sdk=iphoneos*]" = "iPhone Developer";
				COPY_PHASE_STRIP = NO;
				DEBUG_INFORMATION_FORMAT = "dwarf-with-dsym";
				ENABLE_NS_ASSERTIONS = NO;
				ENABLE_STRICT_OBJC_MSGSEND = YES;
				GCC_C_LANGUAGE_STANDARD = gnu99;
				GCC_NO_COMMON_BLOCKS = YES;
				GCC_WARN_64_TO_32_BIT_CONVERSION = YES;
				GCC_WARN_ABOUT_RETURN_TYPE = YES_ERROR;
				GCC_WARN_UNDECLARED_SELECTOR = YES;
				GCC_WARN_UNINITIALIZED_AUTOS = YES_AGGRESSIVE;
				GCC_WARN_UNUSED_FUNCTION = YES;
				GCC_WARN_UNUSED_VARIABLE = YES;
				IPHONEOS_DEPLOYMENT_TARGET = 10.1;
				MTL_ENABLE_DEBUG_INFO = NO;
				SDKROOT = iphoneos;
				SWIFT_OPTIMIZATION_LEVEL = "-Owholemodule";
				TARGETED_DEVICE_FAMILY = "1,2";
				VALIDATE_PRODUCT = YES;
			};
			name = Release;
		};
		50B734541DEF280100AA77CB /* Debug */ = {
			isa = XCBuildConfiguration;
			baseConfigurationReference = CB43BC911AE36DE642BDFFE1 /* Pods-Wheres.debug.xcconfig */;
			buildSettings = {
				ASSETCATALOG_COMPILER_APPICON_NAME = AppIcon;
				CODE_SIGN_ENTITLEMENTS = Wheres/Wheres.entitlements;
				DEVELOPMENT_TEAM = GL9F4DL9W9;
				INFOPLIST_FILE = Wheres/Info.plist;
				LD_RUNPATH_SEARCH_PATHS = "$(inherited) @executable_path/Frameworks";
				PRODUCT_BUNDLE_IDENTIFIER = com.github.rozd.Wheres;
				PRODUCT_NAME = "$(TARGET_NAME)";
				SWIFT_VERSION = 3.0;
			};
			name = Debug;
		};
		50B734551DEF280100AA77CB /* Release */ = {
			isa = XCBuildConfiguration;
			baseConfigurationReference = 341F0BBD4EF97A09C0C43E23 /* Pods-Wheres.release.xcconfig */;
			buildSettings = {
				ASSETCATALOG_COMPILER_APPICON_NAME = AppIcon;
				CODE_SIGN_ENTITLEMENTS = Wheres/Wheres.entitlements;
				DEVELOPMENT_TEAM = GL9F4DL9W9;
				INFOPLIST_FILE = Wheres/Info.plist;
				LD_RUNPATH_SEARCH_PATHS = "$(inherited) @executable_path/Frameworks";
				PRODUCT_BUNDLE_IDENTIFIER = com.github.rozd.Wheres;
				PRODUCT_NAME = "$(TARGET_NAME)";
				SWIFT_VERSION = 3.0;
			};
			name = Release;
		};
/* End XCBuildConfiguration section */

/* Begin XCConfigurationList section */
		50B7343C1DEF27FD00AA77CB /* Build configuration list for PBXProject "Wheres" */ = {
			isa = XCConfigurationList;
			buildConfigurations = (
				50B734511DEF280100AA77CB /* Debug */,
				50B734521DEF280100AA77CB /* Release */,
			);
			defaultConfigurationIsVisible = 0;
			defaultConfigurationName = Release;
		};
		50B734531DEF280100AA77CB /* Build configuration list for PBXNativeTarget "Wheres" */ = {
			isa = XCConfigurationList;
			buildConfigurations = (
				50B734541DEF280100AA77CB /* Debug */,
				50B734551DEF280100AA77CB /* Release */,
			);
			defaultConfigurationIsVisible = 0;
			defaultConfigurationName = Release;
		};
/* End XCConfigurationList section */
	};
	rootObject = 50B734391DEF27FD00AA77CB /* Project object */;
}
